Microsoft Visual Studio Solution File, Format Version 11.00
# Visual Studio 2008

Project("{4D419A98-AEAC-F081-5F6A-0F9ED5F0D53E}") = "SampleAppUnity", "Assembly-CSharp-firstpass.csproj", "{740EC1E7-99C1-E7F0-5259-38CD6A0997AB}"
EndProject
Project("{4D419A98-AEAC-F081-5F6A-0F9ED5F0D53E}") = "SampleAppUnity", "Assembly-CSharp.csproj", "{D6FB3534-3B1D-1999-993F-513A0EE0982A}"
EndProject
Project("{4D419A98-AEAC-F081-5F6A-0F9ED5F0D53E}") = "SampleAppUnity", "Assembly-CSharp-Editor.csproj", "{2F5F41E8-171E-FC08-C2B3-27D3A4997BA7}"
EndProject
Global
	GlobalSection(SolutionConfigurationPlatforms) = preSolution
		Debug|Any CPU = Debug|Any CPU
		Release|Any CPU = Release|Any CPU
	EndGlobalSection
	GlobalSection(ProjectConfigurationPlatforms) = postSolution
		{740EC1E7-99C1-E7F0-5259-38CD6A0997AB}.Debug|Any CPU.ActiveCfg = Debug|Any CPU
		{740EC1E7-99C1-E7F0-5259-38CD6A0997AB}.Debug|Any CPU.Build.0 = Debug|Any CPU
		{740EC1E7-99C1-E7F0-5259-38CD6A0997AB}.Release|Any CPU.ActiveCfg = Release|Any CPU
		{740EC1E7-99C1-E7F0-5259-38CD6A0997AB}.Release|Any CPU.Build.0 = Release|Any CPU
		{D6FB3534-3B1D-1999-993F-513A0EE0982A}.Debug|Any CPU.ActiveCfg = Debug|Any CPU
		{D6FB3534-3B1D-1999-993F-513A0EE0982A}.Debug|Any CPU.Build.0 = Debug|Any CPU
		{D6FB3534-3B1D-1999-993F-513A0EE0982A}.Release|Any CPU.ActiveCfg = Release|Any CPU
		{D6FB3534-3B1D-1999-993F-513A0EE0982A}.Release|Any CPU.Build.0 = Release|Any CPU
		{2F5F41E8-171E-FC08-C2B3-27D3A4997BA7}.Debug|Any CPU.ActiveCfg = Debug|Any CPU
		{2F5F41E8-171E-FC08-C2B3-27D3A4997BA7}.Debug|Any CPU.Build.0 = Debug|Any CPU
		{2F5F41E8-171E-FC08-C2B3-27D3A4997BA7}.Release|Any CPU.ActiveCfg = Release|Any CPU
		{2F5F41E8-171E-FC08-C2B3-27D3A4997BA7}.Release|Any CPU.Build.0 = Release|Any CPU
	EndGlobalSection
	GlobalSection(SolutionProperties) = preSolution
		HideSolutionNode = FALSE
	EndGlobalSection
	GlobalSection(MonoDevelopProperties) = preSolution
		StartupItem = Assembly-CSharp.csproj
	EndGlobalSection
EndGlobal
